// !$*UTF8*$!
{
	archiveVersion = 1;
	classes = {
	};
	objectVersion = 52;
	objects = {

/* Begin PBXBuildFile section */
		7017ED7525EE6A5700CC9B33 /* BanubaEffectPlayer.xcframework in Frameworks */ = {isa = PBXBuildFile; fileRef = 1315CE4E25B5B5CC002ED0D6 /* BanubaEffectPlayer.xcframework */; };
		7017ED7625EE6A5700CC9B33 /* BanubaEffectPlayer.xcframework in Embed Frameworks */ = {isa = PBXBuildFile; fileRef = 1315CE4E25B5B5CC002ED0D6 /* BanubaEffectPlayer.xcframework */; settings = {ATTRIBUTES = (CodeSignOnCopy, RemoveHeadersOnCopy, ); }; };
		705AB5C6242A1A310009C570 /* Video.storyboard in Resources */ = {isa = PBXBuildFile; fileRef = 705AB5C5242A1A310009C570 /* Video.storyboard */; };
		705AB5C9242A1ADD0009C570 /* Camera.storyboard in Resources */ = {isa = PBXBuildFile; fileRef = 705AB5C8242A1ADD0009C570 /* Camera.storyboard */; };
		705AB5CC242A1B620009C570 /* Photos.storyboard in Resources */ = {isa = PBXBuildFile; fileRef = 705AB5CB242A1B620009C570 /* Photos.storyboard */; };
		70EA553923F2C90A00D3B4DB /* AppDelegate.swift in Sources */ = {isa = PBXBuildFile; fileRef = 70EA553823F2C90A00D3B4DB /* AppDelegate.swift */; };
		70EA554023F2C90A00D3B4DB /* Main.storyboard in Resources */ = {isa = PBXBuildFile; fileRef = 70EA553E23F2C90A00D3B4DB /* Main.storyboard */; };
		70EA555023F2C9D000D3B4DB /* CameraViewController.swift in Sources */ = {isa = PBXBuildFile; fileRef = 70EA554F23F2C9D000D3B4DB /* CameraViewController.swift */; };
		70EA555223F2C9E800D3B4DB /* PhotosViewController.swift in Sources */ = {isa = PBXBuildFile; fileRef = 70EA555123F2C9E700D3B4DB /* PhotosViewController.swift */; };
		70EA556223F2D23F00D3B4DB /* BanubaClientToken.swift in Sources */ = {isa = PBXBuildFile; fileRef = 70EA556123F2D23F00D3B4DB /* BanubaClientToken.swift */; };
		70EA556423F2D30600D3B4DB /* effects in Resources */ = {isa = PBXBuildFile; fileRef = 70EA556323F2D30600D3B4DB /* effects */; };
		70EA556A23F2D78100D3B4DB /* README.md in Resources */ = {isa = PBXBuildFile; fileRef = 70EA556923F2D78100D3B4DB /* README.md */; };
		8A6FD78D23FD75CA005F5D14 /* VideoViewController.swift in Sources */ = {isa = PBXBuildFile; fileRef = 8A6FD78323FD75C9005F5D14 /* VideoViewController.swift */; };
		8A6FD79023FD75CA005F5D14 /* VideoProcessing.swift in Sources */ = {isa = PBXBuildFile; fileRef = 8A6FD78623FD75C9005F5D14 /* VideoProcessing.swift */; };
		BA53DC11243E13FD0099399E /* quickstart_ios_swiftUITests.swift in Sources */ = {isa = PBXBuildFile; fileRef = BA53DC10243E13FD0099399E /* quickstart_ios_swiftUITests.swift */; };
		BA53DC19243E14FC0099399E /* quickstart_ios_swiftUITestsBase.swift in Sources */ = {isa = PBXBuildFile; fileRef = BA53DC18243E14FC0099399E /* quickstart_ios_swiftUITestsBase.swift */; };
		BA55130C2701CD700062C49A /* BanubaSdk.framework in Frameworks */ = {isa = PBXBuildFile; fileRef = BA55130B2701CD280062C49A /* BanubaSdk.framework */; };
		BA55130D2701CD700062C49A /* BanubaSdk.framework in Embed Frameworks */ = {isa = PBXBuildFile; fileRef = BA55130B2701CD280062C49A /* BanubaSdk.framework */; settings = {ATTRIBUTES = (CodeSignOnCopy, RemoveHeadersOnCopy, ); }; };
/* End PBXBuildFile section */

/* Begin PBXContainerItemProxy section */
		BA53DC13243E13FD0099399E /* PBXContainerItemProxy */ = {
			isa = PBXContainerItemProxy;
			containerPortal = 70EA552D23F2C90A00D3B4DB /* Project object */;
			proxyType = 1;
			remoteGlobalIDString = 70EA553423F2C90A00D3B4DB;
			remoteInfo = "quickstart-ios-swift";
		};
		BA55130A2701CD280062C49A /* PBXContainerItemProxy */ = {
			isa = PBXContainerItemProxy;
			containerPortal = BA5513062701CD280062C49A /* BanubaSdk.xcodeproj */;
			proxyType = 2;
			remoteGlobalIDString = 57AB757820FF4A240013C11F;
			remoteInfo = BanubaSdk;
		};
/* End PBXContainerItemProxy section */

/* Begin PBXCopyFilesBuildPhase section */
		7017ED7725EE6A5700CC9B33 /* Embed Frameworks */ = {
			isa = PBXCopyFilesBuildPhase;
			buildActionMask = 2147483647;
			dstPath = "";
			dstSubfolderSpec = 10;
			files = (
				BA55130D2701CD700062C49A /* BanubaSdk.framework in Embed Frameworks */,
				7017ED7625EE6A5700CC9B33 /* BanubaEffectPlayer.xcframework in Embed Frameworks */,
			);
			name = "Embed Frameworks";
			runOnlyForDeploymentPostprocessing = 0;
		};
/* End PBXCopyFilesBuildPhase section */

/* Begin PBXFileReference section */
		1315CE4E25B5B5CC002ED0D6 /* BanubaEffectPlayer.xcframework */ = {isa = PBXFileReference; lastKnownFileType = wrapper.xcframework; name = BanubaEffectPlayer.xcframework; path = Frameworks/BanubaEffectPlayer.xcframework; sourceTree = "<group>"; };
		705AB5C5242A1A310009C570 /* Video.storyboard */ = {isa = PBXFileReference; lastKnownFileType = file.storyboard; path = Video.storyboard; sourceTree = "<group>"; };
		705AB5C8242A1ADD0009C570 /* Camera.storyboard */ = {isa = PBXFileReference; lastKnownFileType = file.storyboard; path = Camera.storyboard; sourceTree = "<group>"; };
		705AB5CB242A1B620009C570 /* Photos.storyboard */ = {isa = PBXFileReference; lastKnownFileType = file.storyboard; path = Photos.storyboard; sourceTree = "<group>"; };
		70EA553523F2C90A00D3B4DB /* quickstart-ios-swift.app */ = {isa = PBXFileReference; explicitFileType = wrapper.application; includeInIndex = 0; path = "quickstart-ios-swift.app"; sourceTree = BUILT_PRODUCTS_DIR; };
		70EA553823F2C90A00D3B4DB /* AppDelegate.swift */ = {isa = PBXFileReference; lastKnownFileType = sourcecode.swift; path = AppDelegate.swift; sourceTree = "<group>"; };
		70EA553F23F2C90A00D3B4DB /* Base */ = {isa = PBXFileReference; lastKnownFileType = file.storyboard; name = Base; path = Base.lproj/Main.storyboard; sourceTree = "<group>"; };
		70EA554623F2C91100D3B4DB /* Info.plist */ = {isa = PBXFileReference; lastKnownFileType = text.plist.xml; path = Info.plist; sourceTree = "<group>"; };
		70EA554F23F2C9D000D3B4DB /* CameraViewController.swift */ = {isa = PBXFileReference; lastKnownFileType = sourcecode.swift; path = CameraViewController.swift; sourceTree = "<group>"; };
		70EA555123F2C9E700D3B4DB /* PhotosViewController.swift */ = {isa = PBXFileReference; lastKnownFileType = sourcecode.swift; path = PhotosViewController.swift; sourceTree = "<group>"; };
		70EA556123F2D23F00D3B4DB /* BanubaClientToken.swift */ = {isa = PBXFileReference; lastKnownFileType = sourcecode.swift; path = BanubaClientToken.swift; sourceTree = "<group>"; };
		70EA556323F2D30600D3B4DB /* effects */ = {isa = PBXFileReference; lastKnownFileType = folder; path = effects; sourceTree = "<group>"; };
		70EA556923F2D78100D3B4DB /* README.md */ = {isa = PBXFileReference; lastKnownFileType = net.daringfireball.markdown; path = README.md; sourceTree = "<group>"; };
		8A6FD78323FD75C9005F5D14 /* VideoViewController.swift */ = {isa = PBXFileReference; fileEncoding = 4; lastKnownFileType = sourcecode.swift; path = VideoViewController.swift; sourceTree = "<group>"; };
		8A6FD78623FD75C9005F5D14 /* VideoProcessing.swift */ = {isa = PBXFileReference; fileEncoding = 4; lastKnownFileType = sourcecode.swift; path = VideoProcessing.swift; sourceTree = "<group>"; };
		BA53DC0E243E13FD0099399E /* quickstart-ios-swiftUITests.xctest */ = {isa = PBXFileReference; explicitFileType = wrapper.cfbundle; includeInIndex = 0; path = "quickstart-ios-swiftUITests.xctest"; sourceTree = BUILT_PRODUCTS_DIR; };
		BA53DC10243E13FD0099399E /* quickstart_ios_swiftUITests.swift */ = {isa = PBXFileReference; lastKnownFileType = sourcecode.swift; path = quickstart_ios_swiftUITests.swift; sourceTree = "<group>"; };
		BA53DC12243E13FD0099399E /* Info.plist */ = {isa = PBXFileReference; lastKnownFileType = text.plist.xml; path = Info.plist; sourceTree = "<group>"; };
		BA53DC18243E14FC0099399E /* quickstart_ios_swiftUITestsBase.swift */ = {isa = PBXFileReference; lastKnownFileType = sourcecode.swift; path = quickstart_ios_swiftUITestsBase.swift; sourceTree = "<group>"; };
		BA5513062701CD280062C49A /* BanubaSdk.xcodeproj */ = {isa = PBXFileReference; lastKnownFileType = "wrapper.pb-project"; name = BanubaSdk.xcodeproj; path = Frameworks/BanubaSdk.xcodeproj; sourceTree = "<group>"; };
/* End PBXFileReference section */

/* Begin PBXFrameworksBuildPhase section */
		70EA553223F2C90A00D3B4DB /* Frameworks */ = {
			isa = PBXFrameworksBuildPhase;
			buildActionMask = 2147483647;
			files = (
				BA55130C2701CD700062C49A /* BanubaSdk.framework in Frameworks */,
				7017ED7525EE6A5700CC9B33 /* BanubaEffectPlayer.xcframework in Frameworks */,
			);
			runOnlyForDeploymentPostprocessing = 0;
		};
		BA53DC0B243E13FD0099399E /* Frameworks */ = {
			isa = PBXFrameworksBuildPhase;
			buildActionMask = 2147483647;
			files = (
			);
			runOnlyForDeploymentPostprocessing = 0;
		};
/* End PBXFrameworksBuildPhase section */

/* Begin PBXGroup section */
		705AB5C7242A1AC90009C570 /* Camera */ = {
			isa = PBXGroup;
			children = (
				70EA554F23F2C9D000D3B4DB /* CameraViewController.swift */,
				705AB5C8242A1ADD0009C570 /* Camera.storyboard */,
			);
			path = Camera;
			sourceTree = "<group>";
		};
		705AB5CA242A1B4B0009C570 /* Photos */ = {
			isa = PBXGroup;
			children = (
				70EA555123F2C9E700D3B4DB /* PhotosViewController.swift */,
				705AB5CB242A1B620009C570 /* Photos.storyboard */,
			);
			path = Photos;
			sourceTree = "<group>";
		};
		70EA552C23F2C90A00D3B4DB = {
			isa = PBXGroup;
			children = (
				70EA556923F2D78100D3B4DB /* README.md */,
				70EA553723F2C90A00D3B4DB /* quickstart-ios-swift */,
				BA53DC0F243E13FD0099399E /* quickstart-ios-swiftUITests */,
				70EA553623F2C90A00D3B4DB /* Products */,
				70EA555B23F2D0CB00D3B4DB /* Frameworks */,
			);
			sourceTree = "<group>";
		};
		70EA553623F2C90A00D3B4DB /* Products */ = {
			isa = PBXGroup;
			children = (
				70EA553523F2C90A00D3B4DB /* quickstart-ios-swift.app */,
				BA53DC0E243E13FD0099399E /* quickstart-ios-swiftUITests.xctest */,
			);
			name = Products;
			sourceTree = "<group>";
		};
		70EA553723F2C90A00D3B4DB /* quickstart-ios-swift */ = {
			isa = PBXGroup;
			children = (
				70EA556123F2D23F00D3B4DB /* BanubaClientToken.swift */,
				70EA553823F2C90A00D3B4DB /* AppDelegate.swift */,
				70EA553E23F2C90A00D3B4DB /* Main.storyboard */,
				705AB5C7242A1AC90009C570 /* Camera */,
				705AB5CA242A1B4B0009C570 /* Photos */,
				8A6FD79623FD7D08005F5D14 /* Video */,
				70EA556323F2D30600D3B4DB /* effects */,
				70EA554623F2C91100D3B4DB /* Info.plist */,
			);
			path = "quickstart-ios-swift";
			sourceTree = "<group>";
		};
		70EA555B23F2D0CB00D3B4DB /* Frameworks */ = {
			isa = PBXGroup;
			children = (
				BA5513062701CD280062C49A /* BanubaSdk.xcodeproj */,
				1315CE4E25B5B5CC002ED0D6 /* BanubaEffectPlayer.xcframework */,
			);
			name = Frameworks;
			sourceTree = "<group>";
		};
		8A6FD79623FD7D08005F5D14 /* Video */ = {
			isa = PBXGroup;
			children = (
				8A6FD78623FD75C9005F5D14 /* VideoProcessing.swift */,
				8A6FD78323FD75C9005F5D14 /* VideoViewController.swift */,
				705AB5C5242A1A310009C570 /* Video.storyboard */,
			);
			path = Video;
			sourceTree = "<group>";
		};
		BA53DC0F243E13FD0099399E /* quickstart-ios-swiftUITests */ = {
			isa = PBXGroup;
			children = (
				BA53DC10243E13FD0099399E /* quickstart_ios_swiftUITests.swift */,
				BA53DC18243E14FC0099399E /* quickstart_ios_swiftUITestsBase.swift */,
				BA53DC12243E13FD0099399E /* Info.plist */,
			);
			path = "quickstart-ios-swiftUITests";
			sourceTree = "<group>";
		};
		BA5513072701CD280062C49A /* Products */ = {
			isa = PBXGroup;
			children = (
				BA55130B2701CD280062C49A /* BanubaSdk.framework */,
			);
			name = Products;
			sourceTree = "<group>";
		};
/* End PBXGroup section */

/* Begin PBXNativeTarget section */
		70EA553423F2C90A00D3B4DB /* quickstart-ios-swift */ = {
			isa = PBXNativeTarget;
			buildConfigurationList = 70EA554923F2C91100D3B4DB /* Build configuration list for PBXNativeTarget "quickstart-ios-swift" */;
			buildPhases = (
				70EA553123F2C90A00D3B4DB /* Sources */,
				70EA553223F2C90A00D3B4DB /* Frameworks */,
				70EA553323F2C90A00D3B4DB /* Resources */,
				7017ED7725EE6A5700CC9B33 /* Embed Frameworks */,
			);
			buildRules = (
			);
			dependencies = (
			);
			name = "quickstart-ios-swift";
			productName = "quick start_ios_swift";
			productReference = 70EA553523F2C90A00D3B4DB /* quickstart-ios-swift.app */;
			productType = "com.apple.product-type.application";
		};
		BA53DC0D243E13FD0099399E /* quickstart-ios-swiftUITests */ = {
			isa = PBXNativeTarget;
			buildConfigurationList = BA53DC17243E13FD0099399E /* Build configuration list for PBXNativeTarget "quickstart-ios-swiftUITests" */;
			buildPhases = (
				BA53DC0A243E13FD0099399E /* Sources */,
				BA53DC0B243E13FD0099399E /* Frameworks */,
				BA53DC0C243E13FD0099399E /* Resources */,
			);
			buildRules = (
			);
			dependencies = (
				BA53DC14243E13FD0099399E /* PBXTargetDependency */,
			);
			name = "quickstart-ios-swiftUITests";
			productName = "quickstart-ios-swiftUITests";
			productReference = BA53DC0E243E13FD0099399E /* quickstart-ios-swiftUITests.xctest */;
			productType = "com.apple.product-type.bundle.ui-testing";
		};
/* End PBXNativeTarget section */

/* Begin PBXProject section */
		70EA552D23F2C90A00D3B4DB /* Project object */ = {
			isa = PBXProject;
			attributes = {
				LastSwiftUpdateCheck = 1130;
				LastUpgradeCheck = 1130;
				ORGANIZATIONNAME = "Ivan Gulidov";
				TargetAttributes = {
					70EA553423F2C90A00D3B4DB = {
						CreatedOnToolsVersion = 11.3.1;
					};
					BA53DC0D243E13FD0099399E = {
						CreatedOnToolsVersion = 11.3.1;
						TestTargetID = 70EA553423F2C90A00D3B4DB;
					};
				};
			};
			buildConfigurationList = 70EA553023F2C90A00D3B4DB /* Build configuration list for PBXProject "quickstart-ios-swift" */;
			compatibilityVersion = "Xcode 9.3";
			developmentRegion = en;
			hasScannedForEncodings = 0;
			knownRegions = (
				en,
				Base,
			);
			mainGroup = 70EA552C23F2C90A00D3B4DB;
			productRefGroup = 70EA553623F2C90A00D3B4DB /* Products */;
			projectDirPath = "";
			projectReferences = (
				{
					ProductGroup = BA5513072701CD280062C49A /* Products */;
					ProjectRef = BA5513062701CD280062C49A /* BanubaSdk.xcodeproj */;
				},
			);
			projectRoot = "";
			targets = (
				70EA553423F2C90A00D3B4DB /* quickstart-ios-swift */,
				BA53DC0D243E13FD0099399E /* quickstart-ios-swiftUITests */,
			);
		};
/* End PBXProject section */

/* Begin PBXReferenceProxy section */
		BA55130B2701CD280062C49A /* BanubaSdk.framework */ = {
			isa = PBXReferenceProxy;
			fileType = wrapper.framework;
			path = BanubaSdk.framework;
			remoteRef = BA55130A2701CD280062C49A /* PBXContainerItemProxy */;
			sourceTree = BUILT_PRODUCTS_DIR;
		};
/* End PBXReferenceProxy section */

/* Begin PBXResourcesBuildPhase section */
		70EA553323F2C90A00D3B4DB /* Resources */ = {
			isa = PBXResourcesBuildPhase;
			buildActionMask = 2147483647;
			files = (
				705AB5CC242A1B620009C570 /* Photos.storyboard in Resources */,
				705AB5C9242A1ADD0009C570 /* Camera.storyboard in Resources */,
				705AB5C6242A1A310009C570 /* Video.storyboard in Resources */,
				70EA554023F2C90A00D3B4DB /* Main.storyboard in Resources */,
				70EA556A23F2D78100D3B4DB /* README.md in Resources */,
				70EA556423F2D30600D3B4DB /* effects in Resources */,
			);
			runOnlyForDeploymentPostprocessing = 0;
		};
		BA53DC0C243E13FD0099399E /* Resources */ = {
			isa = PBXResourcesBuildPhase;
			buildActionMask = 2147483647;
			files = (
			);
			runOnlyForDeploymentPostprocessing = 0;
		};
/* End PBXResourcesBuildPhase section */

/* Begin PBXSourcesBuildPhase section */
		70EA553123F2C90A00D3B4DB /* Sources */ = {
			isa = PBXSourcesBuildPhase;
			buildActionMask = 2147483647;
			files = (
				70EA556223F2D23F00D3B4DB /* BanubaClientToken.swift in Sources */,
				70EA555023F2C9D000D3B4DB /* CameraViewController.swift in Sources */,
				8A6FD78D23FD75CA005F5D14 /* VideoViewController.swift in Sources */,
				8A6FD79023FD75CA005F5D14 /* VideoProcessing.swift in Sources */,
				70EA553923F2C90A00D3B4DB /* AppDelegate.swift in Sources */,
				70EA555223F2C9E800D3B4DB /* PhotosViewController.swift in Sources */,
			);
			runOnlyForDeploymentPostprocessing = 0;
		};
		BA53DC0A243E13FD0099399E /* Sources */ = {
			isa = PBXSourcesBuildPhase;
			buildActionMask = 2147483647;
			files = (
				BA53DC11243E13FD0099399E /* quickstart_ios_swiftUITests.swift in Sources */,
				BA53DC19243E14FC0099399E /* quickstart_ios_swiftUITestsBase.swift in Sources */,
			);
			runOnlyForDeploymentPostprocessing = 0;
		};
/* End PBXSourcesBuildPhase section */

/* Begin PBXTargetDependency section */
		BA53DC14243E13FD0099399E /* PBXTargetDependency */ = {
			isa = PBXTargetDependency;
			target = 70EA553423F2C90A00D3B4DB /* quickstart-ios-swift */;
			targetProxy = BA53DC13243E13FD0099399E /* PBXContainerItemProxy */;
		};
/* End PBXTargetDependency section */

/* Begin PBXVariantGroup section */
		70EA553E23F2C90A00D3B4DB /* Main.storyboard */ = {
			isa = PBXVariantGroup;
			children = (
				70EA553F23F2C90A00D3B4DB /* Base */,
			);
			name = Main.storyboard;
			sourceTree = "<group>";
		};
/* End PBXVariantGroup section */

/* Begin XCBuildConfiguration section */
		70EA554723F2C91100D3B4DB /* Debug */ = {
			isa = XCBuildConfiguration;
			buildSettings = {
				ALWAYS_SEARCH_USER_PATHS = NO;
				CLANG_ANALYZER_NONNULL = YES;
				CLANG_ANALYZER_NUMBER_OBJECT_CONVERSION = YES_AGGRESSIVE;
				CLANG_CXX_LANGUAGE_STANDARD = "gnu++14";
				CLANG_CXX_LIBRARY = "libc++";
				CLANG_ENABLE_MODULES = YES;
				CLANG_ENABLE_OBJC_ARC = YES;
				CLANG_ENABLE_OBJC_WEAK = YES;
				CLANG_WARN_BLOCK_CAPTURE_AUTORELEASING = YES;
				CLANG_WARN_BOOL_CONVERSION = YES;
				CLANG_WARN_COMMA = YES;
				CLANG_WARN_CONSTANT_CONVERSION = YES;
				CLANG_WARN_DEPRECATED_OBJC_IMPLEMENTATIONS = YES;
				CLANG_WARN_DIRECT_OBJC_ISA_USAGE = YES_ERROR;
				CLANG_WARN_DOCUMENTATION_COMMENTS = YES;
				CLANG_WARN_EMPTY_BODY = YES;
				CLANG_WARN_ENUM_CONVERSION = YES;
				CLANG_WARN_INFINITE_RECURSION = YES;
				CLANG_WARN_INT_CONVERSION = YES;
				CLANG_WARN_NON_LITERAL_NULL_CONVERSION = YES;
				CLANG_WARN_OBJC_IMPLICIT_RETAIN_SELF = YES;
				CLANG_WARN_OBJC_LITERAL_CONVERSION = YES;
				CLANG_WARN_OBJC_ROOT_CLASS = YES_ERROR;
				CLANG_WARN_RANGE_LOOP_ANALYSIS = YES;
				CLANG_WARN_STRICT_PROTOTYPES = YES;
				CLANG_WARN_SUSPICIOUS_MOVE = YES;
				CLANG_WARN_UNGUARDED_AVAILABILITY = YES_AGGRESSIVE;
				CLANG_WARN_UNREACHABLE_CODE = YES;
				CLANG_WARN__DUPLICATE_METHOD_MATCH = YES;
				COPY_PHASE_STRIP = NO;
				DEBUG_INFORMATION_FORMAT = dwarf;
				ENABLE_STRICT_OBJC_MSGSEND = YES;
				ENABLE_TESTABILITY = YES;
				GCC_C_LANGUAGE_STANDARD = gnu11;
				GCC_DYNAMIC_NO_PIC = NO;
				GCC_NO_COMMON_BLOCKS = YES;
				GCC_OPTIMIZATION_LEVEL = 0;
				GCC_PREPROCESSOR_DEFINITIONS = (
					"DEBUG=1",
					"$(inherited)",
				);
				GCC_WARN_64_TO_32_BIT_CONVERSION = YES;
				GCC_WARN_ABOUT_RETURN_TYPE = YES_ERROR;
				GCC_WARN_UNDECLARED_SELECTOR = YES;
				GCC_WARN_UNINITIALIZED_AUTOS = YES_AGGRESSIVE;
				GCC_WARN_UNUSED_FUNCTION = YES;
				GCC_WARN_UNUSED_VARIABLE = YES;
				IPHONEOS_DEPLOYMENT_TARGET = 13.2;
				MTL_ENABLE_DEBUG_INFO = INCLUDE_SOURCE;
				MTL_FAST_MATH = YES;
				ONLY_ACTIVE_ARCH = YES;
				SDKROOT = iphoneos;
				SWIFT_ACTIVE_COMPILATION_CONDITIONS = DEBUG;
				SWIFT_OPTIMIZATION_LEVEL = "-Onone";
			};
			name = Debug;
		};
		70EA554823F2C91100D3B4DB /* Release */ = {
			isa = XCBuildConfiguration;
			buildSettings = {
				ALWAYS_SEARCH_USER_PATHS = NO;
				CLANG_ANALYZER_NONNULL = YES;
				CLANG_ANALYZER_NUMBER_OBJECT_CONVERSION = YES_AGGRESSIVE;
				CLANG_CXX_LANGUAGE_STANDARD = "gnu++14";
				CLANG_CXX_LIBRARY = "libc++";
				CLANG_ENABLE_MODULES = YES;
				CLANG_ENABLE_OBJC_ARC = YES;
				CLANG_ENABLE_OBJC_WEAK = YES;
				CLANG_WARN_BLOCK_CAPTURE_AUTORELEASING = YES;
				CLANG_WARN_BOOL_CONVERSION = YES;
				CLANG_WARN_COMMA = YES;
				CLANG_WARN_CONSTANT_CONVERSION = YES;
				CLANG_WARN_DEPRECATED_OBJC_IMPLEMENTATIONS = YES;
				CLANG_WARN_DIRECT_OBJC_ISA_USAGE = YES_ERROR;
				CLANG_WARN_DOCUMENTATION_COMMENTS = YES;
				CLANG_WARN_EMPTY_BODY = YES;
				CLANG_WARN_ENUM_CONVERSION = YES;
				CLANG_WARN_INFINITE_RECURSION = YES;
				CLANG_WARN_INT_CONVERSION = YES;
				CLANG_WARN_NON_LITERAL_NULL_CONVERSION = YES;
				CLANG_WARN_OBJC_IMPLICIT_RETAIN_SELF = YES;
				CLANG_WARN_OBJC_LITERAL_CONVERSION = YES;
				CLANG_WARN_OBJC_ROOT_CLASS = YES_ERROR;
				CLANG_WARN_RANGE_LOOP_ANALYSIS = YES;
				CLANG_WARN_STRICT_PROTOTYPES = YES;
				CLANG_WARN_SUSPICIOUS_MOVE = YES;
				CLANG_WARN_UNGUARDED_AVAILABILITY = YES_AGGRESSIVE;
				CLANG_WARN_UNREACHABLE_CODE = YES;
				CLANG_WARN__DUPLICATE_METHOD_MATCH = YES;
				COPY_PHASE_STRIP = NO;
				DEBUG_INFORMATION_FORMAT = "dwarf-with-dsym";
				ENABLE_NS_ASSERTIONS = NO;
				ENABLE_STRICT_OBJC_MSGSEND = YES;
				GCC_C_LANGUAGE_STANDARD = gnu11;
				GCC_NO_COMMON_BLOCKS = YES;
				GCC_WARN_64_TO_32_BIT_CONVERSION = YES;
				GCC_WARN_ABOUT_RETURN_TYPE = YES_ERROR;
				GCC_WARN_UNDECLARED_SELECTOR = YES;
				GCC_WARN_UNINITIALIZED_AUTOS = YES_AGGRESSIVE;
				GCC_WARN_UNUSED_FUNCTION = YES;
				GCC_WARN_UNUSED_VARIABLE = YES;
				IPHONEOS_DEPLOYMENT_TARGET = 13.2;
				MTL_ENABLE_DEBUG_INFO = NO;
				MTL_FAST_MATH = YES;
				SDKROOT = iphoneos;
				SWIFT_COMPILATION_MODE = wholemodule;
				SWIFT_OPTIMIZATION_LEVEL = "-O";
				VALIDATE_PRODUCT = YES;
			};
			name = Release;
		};
		70EA554A23F2C91100D3B4DB /* Debug */ = {
			isa = XCBuildConfiguration;
			buildSettings = {
				ASSETCATALOG_COMPILER_APPICON_NAME = AppIcon;
				CODE_SIGN_STYLE = Automatic;
				DEVELOPMENT_TEAM = "";
				ENABLE_BITCODE = NO;
				EXCLUDED_ARCHS = armv7;
				FRAMEWORK_SEARCH_PATHS = "\"$(SRCROOT)/Frameworks\"";
				INFOPLIST_FILE = "quickstart-ios-swift/Info.plist";
				IPHONEOS_DEPLOYMENT_TARGET = 10.3;
				LD_RUNPATH_SEARCH_PATHS = (
					"$(inherited)",
					"@executable_path/Frameworks",
				);
				PRODUCT_BUNDLE_IDENTIFIER = "Banuba.quick-start-ios-swift";
				PRODUCT_NAME = "$(TARGET_NAME)";
				SWIFT_VERSION = 5.0;
				TARGETED_DEVICE_FAMILY = "1,2";
				VALID_ARCHS = arm64;
			};
			name = Debug;
		};
		70EA554B23F2C91100D3B4DB /* Release */ = {
			isa = XCBuildConfiguration;
			buildSettings = {
				ASSETCATALOG_COMPILER_APPICON_NAME = AppIcon;
				CODE_SIGN_STYLE = Automatic;
				DEVELOPMENT_TEAM = "";
				ENABLE_BITCODE = NO;
				EXCLUDED_ARCHS = armv7;
				FRAMEWORK_SEARCH_PATHS = "\"$(SRCROOT)/Frameworks\"";
				INFOPLIST_FILE = "quickstart-ios-swift/Info.plist";
				IPHONEOS_DEPLOYMENT_TARGET = 10.3;
				LD_RUNPATH_SEARCH_PATHS = (
					"$(inherited)",
					"@executable_path/Frameworks",
				);
				PRODUCT_BUNDLE_IDENTIFIER = "Banuba.quick-start-ios-swift";
				PRODUCT_NAME = "$(TARGET_NAME)";
				SWIFT_VERSION = 5.0;
				TARGETED_DEVICE_FAMILY = "1,2";
				VALID_ARCHS = arm64;
			};
			name = Release;
		};
		BA53DC15243E13FD0099399E /* Debug */ = {
			isa = XCBuildConfiguration;
			buildSettings = {
				CODE_SIGN_STYLE = Automatic;
				DEVELOPMENT_TEAM = NEWUB88C7M;
				INFOPLIST_FILE = "quickstart-ios-swiftUITests/Info.plist";
				LD_RUNPATH_SEARCH_PATHS = (
					"$(inherited)",
					"@executable_path/Frameworks",
					"@loader_path/Frameworks",
				);
				PRODUCT_BUNDLE_IDENTIFIER = "com.banuba.quickstart-ios-swiftUITests";
				PRODUCT_NAME = "$(TARGET_NAME)";
				SWIFT_VERSION = 5.0;
				TARGETED_DEVICE_FAMILY = "1,2";
				TEST_TARGET_NAME = "quickstart-ios-swift";
			};
			name = Debug;
		};
		BA53DC16243E13FD0099399E /* Release */ = {
			isa = XCBuildConfiguration;
			buildSettings = {
				CODE_SIGN_STYLE = Automatic;
				DEVELOPMENT_TEAM = NEWUB88C7M;
				INFOPLIST_FILE = "quickstart-ios-swiftUITests/Info.plist";
				LD_RUNPATH_SEARCH_PATHS = (
					"$(inherited)",
					"@executable_path/Frameworks",
					"@loader_path/Frameworks",
				);
				PRODUCT_BUNDLE_IDENTIFIER = "com.banuba.quickstart-ios-swiftUITests";
				PRODUCT_NAME = "$(TARGET_NAME)";
				SWIFT_VERSION = 5.0;
				TARGETED_DEVICE_FAMILY = "1,2";
				TEST_TARGET_NAME = "quickstart-ios-swift";
			};
			name = Release;
		};
/* End XCBuildConfiguration section */

/* Begin XCConfigurationList section */
		70EA553023F2C90A00D3B4DB /* Build configuration list for PBXProject "quickstart-ios-swift" */ = {
			isa = XCConfigurationList;
			buildConfigurations = (
				70EA554723F2C91100D3B4DB /* Debug */,
				70EA554823F2C91100D3B4DB /* Release */,
			);
			defaultConfigurationIsVisible = 0;
			defaultConfigurationName = Release;
		};
		70EA554923F2C91100D3B4DB /* Build configuration list for PBXNativeTarget "quickstart-ios-swift" */ = {
			isa = XCConfigurationList;
			buildConfigurations = (
				70EA554A23F2C91100D3B4DB /* Debug */,
				70EA554B23F2C91100D3B4DB /* Release */,
			);
			defaultConfigurationIsVisible = 0;
			defaultConfigurationName = Release;
		};
		BA53DC17243E13FD0099399E /* Build configuration list for PBXNativeTarget "quickstart-ios-swiftUITests" */ = {
			isa = XCConfigurationList;
			buildConfigurations = (
				BA53DC15243E13FD0099399E /* Debug */,
				BA53DC16243E13FD0099399E /* Release */,
			);
			defaultConfigurationIsVisible = 0;
			defaultConfigurationName = Release;
		};
/* End XCConfigurationList section */
	};
	rootObject = 70EA552D23F2C90A00D3B4DB /* Project object */;
}
